
Microsoft Visual Studio Solution File, Format Version 12.00
# Visual Studio Version 16
VisualStudioVersion = 16.0.28922.388
MinimumVisualStudioVersion = 10.0.40219.1
Project("{FAE04EC0-301F-11D3-BF4B-00C04F79EFBC}") = "YTTest", "YTTest\YTTest.csproj", "{2479222B-0B05-43DD-9973-F06C50AA249D}"
EndProject
Global
	GlobalSection(SolutionConfigurationPlatforms) = preSolution
		Debug|Any CPU = Debug|Any CPU
		Debug|x64 = Debug|x64
		Debug|x86 = Debug|x86
		Release|Any CPU = Release|Any CPU
		Release|x64 = Release|x64
		Release|x86 = Release|x86
	EndGlobalSection
	GlobalSection(ProjectConfigurationPlatforms) = postSolution
		{2479222B-0B05-43DD-9973-F06C50AA249D}.Debug|Any CPU.ActiveCfg = Debug|Any CPU
		{2479222B-0B05-43DD-9973-F06C50AA249D}.Debug|Any CPU.Build.0 = Debug|Any CPU
		{2479222B-0B05-43DD-9973-F06C50AA249D}.Debug|x64.ActiveCfg = Debug|Any CPU
		{2479222B-0B05-43DD-9973-F06C50AA249D}.Debug|x64.Build.0 = Debug|Any CPU
		{2479222B-0B05-43DD-9973-F06C50AA249D}.Debug|x86.ActiveCfg = Debug|x86
		{2479222B-0B05-43DD-9973-F06C50AA249D}.Debug|x86.Build.0 = Debug|x86
		{2479222B-0B05-43DD-9973-F06C50AA249D}.Release|Any CPU.ActiveCfg = Release|Any CPU
		{2479222B-0B05-43DD-9973-F06C50AA249D}.Release|Any CPU.Build.0 = Release|Any CPU
		{2479222B-0B05-43DD-9973-F06C50AA249D}.Release|x64.ActiveCfg = Release|Any CPU
		{2479222B-0B05-43DD-9973-F06C50AA249D}.Release|x64.Build.0 = Release|Any CPU
		{2479222B-0B05-43DD-9973-F06C50AA249D}.Release|x86.ActiveCfg = Release|x86
		{2479222B-0B05-43DD-9973-F06C50AA249D}.Release|x86.Build.0 = Release|x86
	EndGlobalSection
	GlobalSection(SolutionProperties) = preSolution
		HideSolutionNode = FALSE
	EndGlobalSection
	GlobalSection(ExtensibilityGlobals) = postSolution
		SolutionGuid = {48C33C3E-3D32-4559-816F-13B0623FFFE7}
	EndGlobalSection
EndGlobal
